{
  "name": "modeljudge-ai",
  "version": "1.0.0",
  "lockfileVersion": 3,
  "requires": true,
  "packages": {
    "": {
      "name": "modeljudge-ai",
      "version": "1.0.0",
      "private": true,
      "dependencies": {
        "express": "^5.1.0",
        "pg": "^8.16.3"
      },
      "engines": {
        "node": ">=20"
      }
    }
  }
}
